{
  "name": "docs",
  "lockfileVersion": 3,
  "requires": true,
  "packages": {
    "": {
      "dependencies": {
        "@panzoom/panzoom": "^4.6.0",
        "@xterm/xterm": "^5.5.0",
        "typed.js": "^2.1.0"
      }
    },
    "node_modules/@panzoom/panzoom": {
      "version": "4.6.0",
      "resolved": "https://registry.npmjs.org/@panzoom/panzoom/-/panzoom-4.6.0.tgz",
      "integrity": "sha512-3KxkY1lNKFn98fW5ZFR6vV0YzsXj3I4EQDyFWSXME6/cic86eSS7VjuqIjrA3PEpySo0r5fFtlX8eYCt4JPUFQ==",
      "license": "MIT"
    },
    "node_modules/@xterm/xterm": {
      "version": "5.5.0",
      "resolved": "https://registry.npmjs.org/@xterm/xterm/-/xterm-5.5.0.tgz",
      "integrity": "sha512-hqJHYaQb5OptNunnyAnkHyM8aCjZ1MEIDTQu1iIbbTD/xops91NB5yq1ZK/dC2JDbVWtF23zUtl9JE2NqwT87A==",
      "license": "MIT"
    },
    "node_modules/typed.js": {
      "version": "2.1.0",
      "resolved": "https://registry.npmjs.org/typed.js/-/typed.js-2.1.0.tgz",
      "integrity": "sha512-bDuXEf7YcaKN4g08NMTUM6G90XU25CK3bh6U0THC/Mod/QPKlEt9g/EjvbYB8x2Qwr2p6J6I3NrsoYaVnY6wsQ==",
      "license": "MIT"
    }
  }
}
